# This file was autogenerated by Stack.
# You should not edit this file by hand.
# For more information, please see the documentation at:
#   https://docs.haskellstack.org/en/stable/lock_files

packages: []
snapshots:
- completed:
    sha256: e5cac927cf7ccbd52aa41476baa68b88c564ee6ddc3bc573dbf4210069287fe7
    size: 713340
    url: https://raw.githubusercontent.com/commercialhaskell/stackage-snapshots/master/lts/22/19.yaml
  original: lts-22.19
